
Microsoft Visual Studio Solution File, Format Version 12.00
# Visual Studio Version 16
VisualStudioVersion = 16.0.31613.86
MinimumVisualStudioVersion = 10.0.40219.1
Project("{FAE04EC0-301F-11D3-BF4B-00C04F79EFBC}") = "senai.SpMedGroup.webAPI", "senai.SpMedGroup.webAPI\senai.SpMedGroup.webAPI.csproj", "{8DCDF088-7EF3-445A-97D0-D4834E70403B}"
EndProject
Global
	GlobalSection(SolutionConfigurationPlatforms) = preSolution
		Debug|Any CPU = Debug|Any CPU
		Release|Any CPU = Release|Any CPU
	EndGlobalSection
	GlobalSection(ProjectConfigurationPlatforms) = postSolution
		{8DCDF088-7EF3-445A-97D0-D4834E70403B}.Debug|Any CPU.ActiveCfg = Debug|Any CPU
		{8DCDF088-7EF3-445A-97D0-D4834E70403B}.Debug|Any CPU.Build.0 = Debug|Any CPU
		{8DCDF088-7EF3-445A-97D0-D4834E70403B}.Release|Any CPU.ActiveCfg = Release|Any CPU
		{8DCDF088-7EF3-445A-97D0-D4834E70403B}.Release|Any CPU.Build.0 = Release|Any CPU
	EndGlobalSection
	GlobalSection(SolutionProperties) = preSolution
		HideSolutionNode = FALSE
	EndGlobalSection
	GlobalSection(ExtensibilityGlobals) = postSolution
		SolutionGuid = {2823EEFB-8941-4C05-9153-9B6947B73445}
	EndGlobalSection
EndGlobal
